
Microsoft Visual Studio Solution File, Format Version 12.00
# Visual Studio Version 17
VisualStudioVersion = 17.2.32616.157
MinimumVisualStudioVersion = 10.0.40219.1
Project("{FAE04EC0-301F-11D3-BF4B-00C04F79EFBC}") = "SaveInFile", "SaveInFile.csproj", "{ADCD10EB-A6BC-4EBB-A3AC-5B8BEF12F3B2}"
EndProject
Global
	GlobalSection(SolutionConfigurationPlatforms) = preSolution
		Debug|Any CPU = Debug|Any CPU
		Release|Any CPU = Release|Any CPU
	EndGlobalSection
	GlobalSection(ProjectConfigurationPlatforms) = postSolution
		{ADCD10EB-A6BC-4EBB-A3AC-5B8BEF12F3B2}.Debug|Any CPU.ActiveCfg = Debug|Any CPU
		{ADCD10EB-A6BC-4EBB-A3AC-5B8BEF12F3B2}.Debug|Any CPU.Build.0 = Debug|Any CPU
		{ADCD10EB-A6BC-4EBB-A3AC-5B8BEF12F3B2}.Release|Any CPU.ActiveCfg = Release|Any CPU
		{ADCD10EB-A6BC-4EBB-A3AC-5B8BEF12F3B2}.Release|Any CPU.Build.0 = Release|Any CPU
	EndGlobalSection
	GlobalSection(SolutionProperties) = preSolution
		HideSolutionNode = FALSE
	EndGlobalSection
	GlobalSection(ExtensibilityGlobals) = postSolution
		SolutionGuid = {0CAEC5D1-F371-4962-A00D-22513A84253D}
	EndGlobalSection
EndGlobal
